// !$*UTF8*$!
{
	archiveVersion = 1;
	classes = {
	};
	objectVersion = 50;
	objects = {

/* Begin PBXBuildFile section */
		3895796122E7D18F00C10B73 /* AppDelegate.swift in Sources */ = {isa = PBXBuildFile; fileRef = 3895796022E7D18F00C10B73 /* AppDelegate.swift */; };
		3895796322E7D18F00C10B73 /* ViewController.swift in Sources */ = {isa = PBXBuildFile; fileRef = 3895796222E7D18F00C10B73 /* ViewController.swift */; };
		3895796622E7D18F00C10B73 /* Main.storyboard in Resources */ = {isa = PBXBuildFile; fileRef = 3895796422E7D18F00C10B73 /* Main.storyboard */; };
		3895796822E7D19000C10B73 /* Assets.xcassets in Resources */ = {isa = PBXBuildFile; fileRef = 3895796722E7D19000C10B73 /* Assets.xcassets */; };
		3895796B22E7D19000C10B73 /* LaunchScreen.storyboard in Resources */ = {isa = PBXBuildFile; fileRef = 3895796922E7D19000C10B73 /* LaunchScreen.storyboard */; };
		3895797622E7D19000C10B73 /* movie_managerTests.swift in Sources */ = {isa = PBXBuildFile; fileRef = 3895797522E7D19000C10B73 /* movie_managerTests.swift */; };
		3895798122E7D19000C10B73 /* movie_managerUITests.swift in Sources */ = {isa = PBXBuildFile; fileRef = 3895798022E7D19000C10B73 /* movie_managerUITests.swift */; };
/* End PBXBuildFile section */

/* Begin PBXContainerItemProxy section */
		3895797222E7D19000C10B73 /* PBXContainerItemProxy */ = {
			isa = PBXContainerItemProxy;
			containerPortal = 3895795522E7D18F00C10B73 /* Project object */;
			proxyType = 1;
			remoteGlobalIDString = 3895795C22E7D18F00C10B73;
			remoteInfo = "movie manager";
		};
		3895797D22E7D19000C10B73 /* PBXContainerItemProxy */ = {
			isa = PBXContainerItemProxy;
			containerPortal = 3895795522E7D18F00C10B73 /* Project object */;
			proxyType = 1;
			remoteGlobalIDString = 3895795C22E7D18F00C10B73;
			remoteInfo = "movie manager";
		};
/* End PBXContainerItemProxy section */

/* Begin PBXFileReference section */
		3895795D22E7D18F00C10B73 /* movie manager.app */ = {isa = PBXFileReference; explicitFileType = wrapper.application; includeInIndex = 0; path = "movie manager.app"; sourceTree = BUILT_PRODUCTS_DIR; };
		3895796022E7D18F00C10B73 /* AppDelegate.swift */ = {isa = PBXFileReference; lastKnownFileType = sourcecode.swift; path = AppDelegate.swift; sourceTree = "<group>"; };
		3895796222E7D18F00C10B73 /* ViewController.swift */ = {isa = PBXFileReference; lastKnownFileType = sourcecode.swift; path = ViewController.swift; sourceTree = "<group>"; };
		3895796522E7D18F00C10B73 /* Base */ = {isa = PBXFileReference; lastKnownFileType = file.storyboard; name = Base; path = Base.lproj/Main.storyboard; sourceTree = "<group>"; };
		3895796722E7D19000C10B73 /* Assets.xcassets */ = {isa = PBXFileReference; lastKnownFileType = folder.assetcatalog; path = Assets.xcassets; sourceTree = "<group>"; };
		3895796A22E7D19000C10B73 /* Base */ = {isa = PBXFileReference; lastKnownFileType = file.storyboard; name = Base; path = Base.lproj/LaunchScreen.storyboard; sourceTree = "<group>"; };
		3895796C22E7D19000C10B73 /* Info.plist */ = {isa = PBXFileReference; lastKnownFileType = text.plist.xml; path = Info.plist; sourceTree = "<group>"; };
		3895797122E7D19000C10B73 /* movie managerTests.xctest */ = {isa = PBXFileReference; explicitFileType = wrapper.cfbundle; includeInIndex = 0; path = "movie managerTests.xctest"; sourceTree = BUILT_PRODUCTS_DIR; };
		3895797522E7D19000C10B73 /* movie_managerTests.swift */ = {isa = PBXFileReference; lastKnownFileType = sourcecode.swift; path = movie_managerTests.swift; sourceTree = "<group>"; };
		3895797722E7D19000C10B73 /* Info.plist */ = {isa = PBXFileReference; lastKnownFileType = text.plist.xml; path = Info.plist; sourceTree = "<group>"; };
		3895797C22E7D19000C10B73 /* movie managerUITests.xctest */ = {isa = PBXFileReference; explicitFileType = wrapper.cfbundle; includeInIndex = 0; path = "movie managerUITests.xctest"; sourceTree = BUILT_PRODUCTS_DIR; };
		3895798022E7D19000C10B73 /* movie_managerUITests.swift */ = {isa = PBXFileReference; lastKnownFileType = sourcecode.swift; path = movie_managerUITests.swift; sourceTree = "<group>"; };
		3895798222E7D19000C10B73 /* Info.plist */ = {isa = PBXFileReference; lastKnownFileType = text.plist.xml; path = Info.plist; sourceTree = "<group>"; };
/* End PBXFileReference section */

/* Begin PBXFrameworksBuildPhase section */
		3895795A22E7D18F00C10B73 /* Frameworks */ = {
			isa = PBXFrameworksBuildPhase;
			buildActionMask = 2147483647;
			files = (
			);
			runOnlyForDeploymentPostprocessing = 0;
		};
		3895796E22E7D19000C10B73 /* Frameworks */ = {
			isa = PBXFrameworksBuildPhase;
			buildActionMask = 2147483647;
			files = (
			);
			runOnlyForDeploymentPostprocessing = 0;
		};
		3895797922E7D19000C10B73 /* Frameworks */ = {
			isa = PBXFrameworksBuildPhase;
			buildActionMask = 2147483647;
			files = (
			);
			runOnlyForDeploymentPostprocessing = 0;
		};
/* End PBXFrameworksBuildPhase section */

/* Begin PBXGroup section */
		3895795422E7D18F00C10B73 = {
			isa = PBXGroup;
			children = (
				3895795F22E7D18F00C10B73 /* movie manager */,
				3895797422E7D19000C10B73 /* movie managerTests */,
				3895797F22E7D19000C10B73 /* movie managerUITests */,
				3895795E22E7D18F00C10B73 /* Products */,
			);
			sourceTree = "<group>";
		};
		3895795E22E7D18F00C10B73 /* Products */ = {
			isa = PBXGroup;
			children = (
				3895795D22E7D18F00C10B73 /* movie manager.app */,
				3895797122E7D19000C10B73 /* movie managerTests.xctest */,
				3895797C22E7D19000C10B73 /* movie managerUITests.xctest */,
			);
			name = Products;
			sourceTree = "<group>";
		};
		3895795F22E7D18F00C10B73 /* movie manager */ = {
			isa = PBXGroup;
			children = (
				3895796022E7D18F00C10B73 /* AppDelegate.swift */,
				3895796222E7D18F00C10B73 /* ViewController.swift */,
				3895796422E7D18F00C10B73 /* Main.storyboard */,
				3895796722E7D19000C10B73 /* Assets.xcassets */,
				3895796922E7D19000C10B73 /* LaunchScreen.storyboard */,
				3895796C22E7D19000C10B73 /* Info.plist */,
			);
			path = "movie manager";
			sourceTree = "<group>";
		};
		3895797422E7D19000C10B73 /* movie managerTests */ = {
			isa = PBXGroup;
			children = (
				3895797522E7D19000C10B73 /* movie_managerTests.swift */,
				3895797722E7D19000C10B73 /* Info.plist */,
			);
			path = "movie managerTests";
			sourceTree = "<group>";
		};
		3895797F22E7D19000C10B73 /* movie managerUITests */ = {
			isa = PBXGroup;
			children = (
				3895798022E7D19000C10B73 /* movie_managerUITests.swift */,
				3895798222E7D19000C10B73 /* Info.plist */,
			);
			path = "movie managerUITests";
			sourceTree = "<group>";
		};
/* End PBXGroup section */

/* Begin PBXNativeTarget section */
		3895795C22E7D18F00C10B73 /* movie manager */ = {
			isa = PBXNativeTarget;
			buildConfigurationList = 3895798522E7D19000C10B73 /* Build configuration list for PBXNativeTarget "movie manager" */;
			buildPhases = (
				3895795922E7D18F00C10B73 /* Sources */,
				3895795A22E7D18F00C10B73 /* Frameworks */,
				3895795B22E7D18F00C10B73 /* Resources */,
			);
			buildRules = (
			);
			dependencies = (
			);
			name = "movie manager";
			productName = "movie manager";
			productReference = 3895795D22E7D18F00C10B73 /* movie manager.app */;
			productType = "com.apple.product-type.application";
		};
		3895797022E7D19000C10B73 /* movie managerTests */ = {
			isa = PBXNativeTarget;
			buildConfigurationList = 3895798822E7D19000C10B73 /* Build configuration list for PBXNativeTarget "movie managerTests" */;
			buildPhases = (
				3895796D22E7D19000C10B73 /* Sources */,
				3895796E22E7D19000C10B73 /* Frameworks */,
				3895796F22E7D19000C10B73 /* Resources */,
			);
			buildRules = (
			);
			dependencies = (
				3895797322E7D19000C10B73 /* PBXTargetDependency */,
			);
			name = "movie managerTests";
			productName = "movie managerTests";
			productReference = 3895797122E7D19000C10B73 /* movie managerTests.xctest */;
			productType = "com.apple.product-type.bundle.unit-test";
		};
		3895797B22E7D19000C10B73 /* movie managerUITests */ = {
			isa = PBXNativeTarget;
			buildConfigurationList = 3895798B22E7D19000C10B73 /* Build configuration list for PBXNativeTarget "movie managerUITests" */;
			buildPhases = (
				3895797822E7D19000C10B73 /* Sources */,
				3895797922E7D19000C10B73 /* Frameworks */,
				3895797A22E7D19000C10B73 /* Resources */,
			);
			buildRules = (
			);
			dependencies = (
				3895797E22E7D19000C10B73 /* PBXTargetDependency */,
			);
			name = "movie managerUITests";
			productName = "movie managerUITests";
			productReference = 3895797C22E7D19000C10B73 /* movie managerUITests.xctest */;
			productType = "com.apple.product-type.bundle.ui-testing";
		};
/* End PBXNativeTarget section */

/* Begin PBXProject section */
		3895795522E7D18F00C10B73 /* Project object */ = {
			isa = PBXProject;
			attributes = {
				LastSwiftUpdateCheck = 1010;
				LastUpgradeCheck = 1010;
				ORGANIZATIONNAME = zijia;
				TargetAttributes = {
					3895795C22E7D18F00C10B73 = {
						CreatedOnToolsVersion = 10.1;
					};
					3895797022E7D19000C10B73 = {
						CreatedOnToolsVersion = 10.1;
						TestTargetID = 3895795C22E7D18F00C10B73;
					};
					3895797B22E7D19000C10B73 = {
						CreatedOnToolsVersion = 10.1;
						TestTargetID = 3895795C22E7D18F00C10B73;
					};
				};
			};
			buildConfigurationList = 3895795822E7D18F00C10B73 /* Build configuration list for PBXProject "movie manager" */;
			compatibilityVersion = "Xcode 9.3";
			developmentRegion = en;
			hasScannedForEncodings = 0;
			knownRegions = (
				en,
				Base,
			);
			mainGroup = 3895795422E7D18F00C10B73;
			productRefGroup = 3895795E22E7D18F00C10B73 /* Products */;
			projectDirPath = "";
			projectRoot = "";
			targets = (
				3895795C22E7D18F00C10B73 /* movie manager */,
				3895797022E7D19000C10B73 /* movie managerTests */,
				3895797B22E7D19000C10B73 /* movie managerUITests */,
			);
		};
/* End PBXProject section */

/* Begin PBXResourcesBuildPhase section */
		3895795B22E7D18F00C10B73 /* Resources */ = {
			isa = PBXResourcesBuildPhase;
			buildActionMask = 2147483647;
			files = (
				3895796B22E7D19000C10B73 /* LaunchScreen.storyboard in Resources */,
				3895796822E7D19000C10B73 /* Assets.xcassets in Resources */,
				3895796622E7D18F00C10B73 /* Main.storyboard in Resources */,
			);
			runOnlyForDeploymentPostprocessing = 0;
		};
		3895796F22E7D19000C10B73 /* Resources */ = {
			isa = PBXResourcesBuildPhase;
			buildActionMask = 2147483647;
			files = (
			);
			runOnlyForDeploymentPostprocessing = 0;
		};
		3895797A22E7D19000C10B73 /* Resources */ = {
			isa = PBXResourcesBuildPhase;
			buildActionMask = 2147483647;
			files = (
			);
			runOnlyForDeploymentPostprocessing = 0;
		};
/* End PBXResourcesBuildPhase section */

/* Begin PBXSourcesBuildPhase section */
		3895795922E7D18F00C10B73 /* Sources */ = {
			isa = PBXSourcesBuildPhase;
			buildActionMask = 2147483647;
			files = (
				3895796322E7D18F00C10B73 /* ViewController.swift in Sources */,
				3895796122E7D18F00C10B73 /* AppDelegate.swift in Sources */,
			);
			runOnlyForDeploymentPostprocessing = 0;
		};
		3895796D22E7D19000C10B73 /* Sources */ = {
			isa = PBXSourcesBuildPhase;
			buildActionMask = 2147483647;
			files = (
				3895797622E7D19000C10B73 /* movie_managerTests.swift in Sources */,
			);
			runOnlyForDeploymentPostprocessing = 0;
		};
		3895797822E7D19000C10B73 /* Sources */ = {
			isa = PBXSourcesBuildPhase;
			buildActionMask = 2147483647;
			files = (
				3895798122E7D19000C10B73 /* movie_managerUITests.swift in Sources */,
			);
			runOnlyForDeploymentPostprocessing = 0;
		};
/* End PBXSourcesBuildPhase section */

/* Begin PBXTargetDependency section */
		3895797322E7D19000C10B73 /* PBXTargetDependency */ = {
			isa = PBXTargetDependency;
			target = 3895795C22E7D18F00C10B73 /* movie manager */;
			targetProxy = 3895797222E7D19000C10B73 /* PBXContainerItemProxy */;
		};
		3895797E22E7D19000C10B73 /* PBXTargetDependency */ = {
			isa = PBXTargetDependency;
			target = 3895795C22E7D18F00C10B73 /* movie manager */;
			targetProxy = 3895797D22E7D19000C10B73 /* PBXContainerItemProxy */;
		};
/* End PBXTargetDependency section */

/* Begin PBXVariantGroup section */
		3895796422E7D18F00C10B73 /* Main.storyboard */ = {
			isa = PBXVariantGroup;
			children = (
				3895796522E7D18F00C10B73 /* Base */,
			);
			name = Main.storyboard;
			sourceTree = "<group>";
		};
		3895796922E7D19000C10B73 /* LaunchScreen.storyboard */ = {
			isa = PBXVariantGroup;
			children = (
				3895796A22E7D19000C10B73 /* Base */,
			);
			name = LaunchScreen.storyboard;
			sourceTree = "<group>";
		};
/* End PBXVariantGroup section */

/* Begin XCBuildConfiguration section */
		3895798322E7D19000C10B73 /* Debug */ = {
			isa = XCBuildConfiguration;
			buildSettings = {
				ALWAYS_SEARCH_USER_PATHS = NO;
				CLANG_ANALYZER_NONNULL = YES;
				CLANG_ANALYZER_NUMBER_OBJECT_CONVERSION = YES_AGGRESSIVE;
				CLANG_CXX_LANGUAGE_STANDARD = "gnu++14";
				CLANG_CXX_LIBRARY = "libc++";
				CLANG_ENABLE_MODULES = YES;
				CLANG_ENABLE_OBJC_ARC = YES;
				CLANG_ENABLE_OBJC_WEAK = YES;
				CLANG_WARN_BLOCK_CAPTURE_AUTORELEASING = YES;
				CLANG_WARN_BOOL_CONVERSION = YES;
				CLANG_WARN_COMMA = YES;
				CLANG_WARN_CONSTANT_CONVERSION = YES;
				CLANG_WARN_DEPRECATED_OBJC_IMPLEMENTATIONS = YES;
				CLANG_WARN_DIRECT_OBJC_ISA_USAGE = YES_ERROR;
				CLANG_WARN_DOCUMENTATION_COMMENTS = YES;
				CLANG_WARN_EMPTY_BODY = YES;
				CLANG_WARN_ENUM_CONVERSION = YES;
				CLANG_WARN_INFINITE_RECURSION = YES;
				CLANG_WARN_INT_CONVERSION = YES;
				CLANG_WARN_NON_LITERAL_NULL_CONVERSION = YES;
				CLANG_WARN_OBJC_IMPLICIT_RETAIN_SELF = YES;
				CLANG_WARN_OBJC_LITERAL_CONVERSION = YES;
				CLANG_WARN_OBJC_ROOT_CLASS = YES_ERROR;
				CLANG_WARN_RANGE_LOOP_ANALYSIS = YES;
				CLANG_WARN_STRICT_PROTOTYPES = YES;
				CLANG_WARN_SUSPICIOUS_MOVE = YES;
				CLANG_WARN_UNGUARDED_AVAILABILITY = YES_AGGRESSIVE;
				CLANG_WARN_UNREACHABLE_CODE = YES;
				CLANG_WARN__DUPLICATE_METHOD_MATCH = YES;
				CODE_SIGN_IDENTITY = "iPhone Developer";
				COPY_PHASE_STRIP = NO;
				DEBUG_INFORMATION_FORMAT = dwarf;
				ENABLE_STRICT_OBJC_MSGSEND = YES;
				ENABLE_TESTABILITY = YES;
				GCC_C_LANGUAGE_STANDARD = gnu11;
				GCC_DYNAMIC_NO_PIC = NO;
				GCC_NO_COMMON_BLOCKS = YES;
				GCC_OPTIMIZATION_LEVEL = 0;
				GCC_PREPROCESSOR_DEFINITIONS = (
					"DEBUG=1",
					"$(inherited)",
				);
				GCC_WARN_64_TO_32_BIT_CONVERSION = YES;
				GCC_WARN_ABOUT_RETURN_TYPE = YES_ERROR;
				GCC_WARN_UNDECLARED_SELECTOR = YES;
				GCC_WARN_UNINITIALIZED_AUTOS = YES_AGGRESSIVE;
				GCC_WARN_UNUSED_FUNCTION = YES;
				GCC_WARN_UNUSED_VARIABLE = YES;
				IPHONEOS_DEPLOYMENT_TARGET = 12.1;
				MTL_ENABLE_DEBUG_INFO = INCLUDE_SOURCE;
				MTL_FAST_MATH = YES;
				ONLY_ACTIVE_ARCH = YES;
				SDKROOT = iphoneos;
				SWIFT_ACTIVE_COMPILATION_CONDITIONS = DEBUG;
				SWIFT_OPTIMIZATION_LEVEL = "-Onone";
			};
			name = Debug;
		};
		3895798422E7D19000C10B73 /* Release */ = {
			isa = XCBuildConfiguration;
			buildSettings = {
				ALWAYS_SEARCH_USER_PATHS = NO;
				CLANG_ANALYZER_NONNULL = YES;
				CLANG_ANALYZER_NUMBER_OBJECT_CONVERSION = YES_AGGRESSIVE;
				CLANG_CXX_LANGUAGE_STANDARD = "gnu++14";
				CLANG_CXX_LIBRARY = "libc++";
				CLANG_ENABLE_MODULES = YES;
				CLANG_ENABLE_OBJC_ARC = YES;
				CLANG_ENABLE_OBJC_WEAK = YES;
				CLANG_WARN_BLOCK_CAPTURE_AUTORELEASING = YES;
				CLANG_WARN_BOOL_CONVERSION = YES;
				CLANG_WARN_COMMA = YES;
				CLANG_WARN_CONSTANT_CONVERSION = YES;
				CLANG_WARN_DEPRECATED_OBJC_IMPLEMENTATIONS = YES;
				CLANG_WARN_DIRECT_OBJC_ISA_USAGE = YES_ERROR;
				CLANG_WARN_DOCUMENTATION_COMMENTS = YES;
				CLANG_WARN_EMPTY_BODY = YES;
				CLANG_WARN_ENUM_CONVERSION = YES;
				CLANG_WARN_INFINITE_RECURSION = YES;
				CLANG_WARN_INT_CONVERSION = YES;
				CLANG_WARN_NON_LITERAL_NULL_CONVERSION = YES;
				CLANG_WARN_OBJC_IMPLICIT_RETAIN_SELF = YES;
				CLANG_WARN_OBJC_LITERAL_CONVERSION = YES;
				CLANG_WARN_OBJC_ROOT_CLASS = YES_ERROR;
				CLANG_WARN_RANGE_LOOP_ANALYSIS = YES;
				CLANG_WARN_STRICT_PROTOTYPES = YES;
				CLANG_WARN_SUSPICIOUS_MOVE = YES;
				CLANG_WARN_UNGUARDED_AVAILABILITY = YES_AGGRESSIVE;
				CLANG_WARN_UNREACHABLE_CODE = YES;
				CLANG_WARN__DUPLICATE_METHOD_MATCH = YES;
				CODE_SIGN_IDENTITY = "iPhone Developer";
				COPY_PHASE_STRIP = NO;
				DEBUG_INFORMATION_FORMAT = "dwarf-with-dsym";
				ENABLE_NS_ASSERTIONS = NO;
				ENABLE_STRICT_OBJC_MSGSEND = YES;
				GCC_C_LANGUAGE_STANDARD = gnu11;
				GCC_NO_COMMON_BLOCKS = YES;
				GCC_WARN_64_TO_32_BIT_CONVERSION = YES;
				GCC_WARN_ABOUT_RETURN_TYPE = YES_ERROR;
				GCC_WARN_UNDECLARED_SELECTOR = YES;
				GCC_WARN_UNINITIALIZED_AUTOS = YES_AGGRESSIVE;
				GCC_WARN_UNUSED_FUNCTION = YES;
				GCC_WARN_UNUSED_VARIABLE = YES;
				IPHONEOS_DEPLOYMENT_TARGET = 12.1;
				MTL_ENABLE_DEBUG_INFO = NO;
				MTL_FAST_MATH = YES;
				SDKROOT = iphoneos;
				SWIFT_COMPILATION_MODE = wholemodule;
				SWIFT_OPTIMIZATION_LEVEL = "-O";
				VALIDATE_PRODUCT = YES;
			};
			name = Release;
		};
		3895798622E7D19000C10B73 /* Debug */ = {
			isa = XCBuildConfiguration;
			buildSettings = {
				ASSETCATALOG_COMPILER_APPICON_NAME = AppIcon;
				CODE_SIGN_STYLE = Automatic;
				DEVELOPMENT_TEAM = KSV5RQ2S7L;
				INFOPLIST_FILE = "movie manager/Info.plist";
				LD_RUNPATH_SEARCH_PATHS = (
					"$(inherited)",
					"@executable_path/Frameworks",
				);
				PRODUCT_BUNDLE_IDENTIFIER = "zijia.movie-manager";
				PRODUCT_NAME = "$(TARGET_NAME)";
				SWIFT_VERSION = 4.2;
				TARGETED_DEVICE_FAMILY = "1,2";
			};
			name = Debug;
		};
		3895798722E7D19000C10B73 /* Release */ = {
			isa = XCBuildConfiguration;
			buildSettings = {
				ASSETCATALOG_COMPILER_APPICON_NAME = AppIcon;
				CODE_SIGN_STYLE = Automatic;
				DEVELOPMENT_TEAM = KSV5RQ2S7L;
				INFOPLIST_FILE = "movie manager/Info.plist";
				LD_RUNPATH_SEARCH_PATHS = (
					"$(inherited)",
					"@executable_path/Frameworks",
				);
				PRODUCT_BUNDLE_IDENTIFIER = "zijia.movie-manager";
				PRODUCT_NAME = "$(TARGET_NAME)";
				SWIFT_VERSION = 4.2;
				TARGETED_DEVICE_FAMILY = "1,2";
			};
			name = Release;
		};
		3895798922E7D19000C10B73 /* Debug */ = {
			isa = XCBuildConfiguration;
			buildSettings = {
				ALWAYS_EMBED_SWIFT_STANDARD_LIBRARIES = YES;
				BUNDLE_LOADER = "$(TEST_HOST)";
				CODE_SIGN_STYLE = Automatic;
				DEVELOPMENT_TEAM = KSV5RQ2S7L;
				INFOPLIST_FILE = "movie managerTests/Info.plist";
				LD_RUNPATH_SEARCH_PATHS = (
					"$(inherited)",
					"@executable_path/Frameworks",
					"@loader_path/Frameworks",
				);
				PRODUCT_BUNDLE_IDENTIFIER = "zijia.movie-managerTests";
				PRODUCT_NAME = "$(TARGET_NAME)";
				SWIFT_VERSION = 4.2;
				TARGETED_DEVICE_FAMILY = "1,2";
				TEST_HOST = "$(BUILT_PRODUCTS_DIR)/movie manager.app/movie manager";
			};
			name = Debug;
		};
		3895798A22E7D19000C10B73 /* Release */ = {
			isa = XCBuildConfiguration;
			buildSettings = {
				ALWAYS_EMBED_SWIFT_STANDARD_LIBRARIES = YES;
				BUNDLE_LOADER = "$(TEST_HOST)";
				CODE_SIGN_STYLE = Automatic;
				DEVELOPMENT_TEAM = KSV5RQ2S7L;
				INFOPLIST_FILE = "movie managerTests/Info.plist";
				LD_RUNPATH_SEARCH_PATHS = (
					"$(inherited)",
					"@executable_path/Frameworks",
					"@loader_path/Frameworks",
				);
				PRODUCT_BUNDLE_IDENTIFIER = "zijia.movie-managerTests";
				PRODUCT_NAME = "$(TARGET_NAME)";
				SWIFT_VERSION = 4.2;
				TARGETED_DEVICE_FAMILY = "1,2";
				TEST_HOST = "$(BUILT_PRODUCTS_DIR)/movie manager.app/movie manager";
			};
			name = Release;
		};
		3895798C22E7D19000C10B73 /* Debug */ = {
			isa = XCBuildConfiguration;
			buildSettings = {
				ALWAYS_EMBED_SWIFT_STANDARD_LIBRARIES = YES;
				CODE_SIGN_STYLE = Automatic;
				DEVELOPMENT_TEAM = KSV5RQ2S7L;
				INFOPLIST_FILE = "movie managerUITests/Info.plist";
				LD_RUNPATH_SEARCH_PATHS = (
					"$(inherited)",
					"@executable_path/Frameworks",
					"@loader_path/Frameworks",
				);
				PRODUCT_BUNDLE_IDENTIFIER = "zijia.movie-managerUITests";
				PRODUCT_NAME = "$(TARGET_NAME)";
				SWIFT_VERSION = 4.2;
				TARGETED_DEVICE_FAMILY = "1,2";
				TEST_TARGET_NAME = "movie manager";
			};
			name = Debug;
		};
		3895798D22E7D19000C10B73 /* Release */ = {
			isa = XCBuildConfiguration;
			buildSettings = {
				ALWAYS_EMBED_SWIFT_STANDARD_LIBRARIES = YES;
				CODE_SIGN_STYLE = Automatic;
				DEVELOPMENT_TEAM = KSV5RQ2S7L;
				INFOPLIST_FILE = "movie managerUITests/Info.plist";
				LD_RUNPATH_SEARCH_PATHS = (
					"$(inherited)",
					"@executable_path/Frameworks",
					"@loader_path/Frameworks",
				);
				PRODUCT_BUNDLE_IDENTIFIER = "zijia.movie-managerUITests";
				PRODUCT_NAME = "$(TARGET_NAME)";
				SWIFT_VERSION = 4.2;
				TARGETED_DEVICE_FAMILY = "1,2";
				TEST_TARGET_NAME = "movie manager";
			};
			name = Release;
		};
/* End XCBuildConfiguration section */

/* Begin XCConfigurationList section */
		3895795822E7D18F00C10B73 /* Build configuration list for PBXProject "movie manager" */ = {
			isa = XCConfigurationList;
			buildConfigurations = (
				3895798322E7D19000C10B73 /* Debug */,
				3895798422E7D19000C10B73 /* Release */,
			);
			defaultConfigurationIsVisible = 0;
			defaultConfigurationName = Release;
		};
		3895798522E7D19000C10B73 /* Build configuration list for PBXNativeTarget "movie manager" */ = {
			isa = XCConfigurationList;
			buildConfigurations = (
				3895798622E7D19000C10B73 /* Debug */,
				3895798722E7D19000C10B73 /* Release */,
			);
			defaultConfigurationIsVisible = 0;
			defaultConfigurationName = Release;
		};
		3895798822E7D19000C10B73 /* Build configuration list for PBXNativeTarget "movie managerTests" */ = {
			isa = XCConfigurationList;
			buildConfigurations = (
				3895798922E7D19000C10B73 /* Debug */,
				3895798A22E7D19000C10B73 /* Release */,
			);
			defaultConfigurationIsVisible = 0;
			defaultConfigurationName = Release;
		};
		3895798B22E7D19000C10B73 /* Build configuration list for PBXNativeTarget "movie managerUITests" */ = {
			isa = XCConfigurationList;
			buildConfigurations = (
				3895798C22E7D19000C10B73 /* Debug */,
				3895798D22E7D19000C10B73 /* Release */,
			);
			defaultConfigurationIsVisible = 0;
			defaultConfigurationName = Release;
		};
/* End XCConfigurationList section */
	};
	rootObject = 3895795522E7D18F00C10B73 /* Project object */;
}
